
Microsoft Visual Studio Solution File, Format Version 12.00
# Visual Studio Version 16
VisualStudioVersion = 16.0.30204.135
MinimumVisualStudioVersion = 10.0.40219.1
Project("{FAE04EC0-301F-11D3-BF4B-00C04F79EFBC}") = "TicketingSystems", "TicketingSystems\TicketingSystems.csproj", "{78601185-42FA-4301-8566-2F8A6ED7DF08}"
EndProject
Global
	GlobalSection(SolutionConfigurationPlatforms) = preSolution
		Debug|Any CPU = Debug|Any CPU
		Release|Any CPU = Release|Any CPU
	EndGlobalSection
	GlobalSection(ProjectConfigurationPlatforms) = postSolution
		{78601185-42FA-4301-8566-2F8A6ED7DF08}.Debug|Any CPU.ActiveCfg = Debug|Any CPU
		{78601185-42FA-4301-8566-2F8A6ED7DF08}.Debug|Any CPU.Build.0 = Debug|Any CPU
		{78601185-42FA-4301-8566-2F8A6ED7DF08}.Release|Any CPU.ActiveCfg = Release|Any CPU
		{78601185-42FA-4301-8566-2F8A6ED7DF08}.Release|Any CPU.Build.0 = Release|Any CPU
	EndGlobalSection
	GlobalSection(SolutionProperties) = preSolution
		HideSolutionNode = FALSE
	EndGlobalSection
	GlobalSection(ExtensibilityGlobals) = postSolution
		SolutionGuid = {16125DF3-9CCD-4C64-8621-0E4067296603}
	EndGlobalSection
EndGlobal
